
Microsoft Visual Studio Solution File, Format Version 12.00
# Visual Studio Version 17
VisualStudioVersion = 17.1.32228.430
MinimumVisualStudioVersion = 10.0.40219.1
Project("{FAE04EC0-301F-11D3-BF4B-00C04F79EFBC}") = "MyFirstProject", "MyFirstProject\MyFirstProject.csproj", "{9DE37CDE-0484-4945-B81A-CCDA12FAF5C0}"
EndProject
Global
	GlobalSection(SolutionConfigurationPlatforms) = preSolution
		Debug|Any CPU = Debug|Any CPU
		Release|Any CPU = Release|Any CPU
	EndGlobalSection
	GlobalSection(ProjectConfigurationPlatforms) = postSolution
		{9DE37CDE-0484-4945-B81A-CCDA12FAF5C0}.Debug|Any CPU.ActiveCfg = Debug|Any CPU
		{9DE37CDE-0484-4945-B81A-CCDA12FAF5C0}.Debug|Any CPU.Build.0 = Debug|Any CPU
		{9DE37CDE-0484-4945-B81A-CCDA12FAF5C0}.Release|Any CPU.ActiveCfg = Release|Any CPU
		{9DE37CDE-0484-4945-B81A-CCDA12FAF5C0}.Release|Any CPU.Build.0 = Release|Any CPU
	EndGlobalSection
	GlobalSection(SolutionProperties) = preSolution
		HideSolutionNode = FALSE
	EndGlobalSection
	GlobalSection(ExtensibilityGlobals) = postSolution
		SolutionGuid = {723238CB-793A-4515-B945-AE67C23D4544}
	EndGlobalSection
EndGlobal
